
Microsoft Visual Studio Solution File, Format Version 12.00
# Visual Studio Version 17
VisualStudioVersion = 17.11.35219.272
MinimumVisualStudioVersion = 10.0.40219.1
Project("{9A19103F-16F7-4668-BE54-9A1E7A4F7556}") = "AtividadeCRUD", "AtividadeCRUD\AtividadeCRUD.csproj", "{D9C853A9-EDDB-4022-A1B7-DB268635C44D}"
EndProject
Project("{2150E333-8FDC-42A3-9474-1A3956D46DE8}") = "Itens de Solução", "Itens de Solução", "{F0F4EBA9-B14B-4B33-9685-26EE1611B591}"
EndProject
Global
	GlobalSection(SolutionConfigurationPlatforms) = preSolution
		Debug|Any CPU = Debug|Any CPU
		Release|Any CPU = Release|Any CPU
	EndGlobalSection
	GlobalSection(ProjectConfigurationPlatforms) = postSolution
		{D9C853A9-EDDB-4022-A1B7-DB268635C44D}.Debug|Any CPU.ActiveCfg = Debug|Any CPU
		{D9C853A9-EDDB-4022-A1B7-DB268635C44D}.Debug|Any CPU.Build.0 = Debug|Any CPU
		{D9C853A9-EDDB-4022-A1B7-DB268635C44D}.Release|Any CPU.ActiveCfg = Release|Any CPU
		{D9C853A9-EDDB-4022-A1B7-DB268635C44D}.Release|Any CPU.Build.0 = Release|Any CPU
	EndGlobalSection
	GlobalSection(SolutionProperties) = preSolution
		HideSolutionNode = FALSE
	EndGlobalSection
	GlobalSection(ExtensibilityGlobals) = postSolution
		SolutionGuid = {55FAE678-B710-4692-A592-19310CC98EE1}
	EndGlobalSection
EndGlobal
